{
  "dependencies": {
    "glob": {
      "version": "3.2.9",
      "dependencies": {
        "minimatch": {
          "version": "0.2.14",
          "dependencies": {
            "lru-cache": {
              "version": "2.5.0"
            },
            "sigmund": {
              "version": "1.0.0"
            }
          }
        },
        "inherits": {
          "version": "2.0.1"
        }
      }
    },
    "jasmine-node": {
      "version": "1.14.3",
      "dependencies": {
        "coffee-script": {
          "version": "1.7.1"
        },
        "jasmine-reporters": {
          "version": "0.4.1"
        },
        "jasmine-growl-reporter": {
          "version": "0.0.3",
          "dependencies": {
            "growl": {
              "version": "1.7.0"
            }
          }
        },
        "requirejs": {
          "version": "2.1.11"
        },
        "walkdir": {
          "version": "0.0.7"
        },
        "underscore": {
          "version": "1.6.0"
        },
        "gaze": {
          "version": "0.3.4",
          "dependencies": {
            "minimatch": {
              "version": "0.2.14",
              "dependencies": {
                "lru-cache": {
                  "version": "2.5.0"
                },
                "sigmund": {
                  "version": "1.0.0"
                }
              }
            },
            "fileset": {
              "version": "0.1.5"
            }
          }
        },
        "mkdirp": {
          "version": "0.3.5"
        }
      }
    },
    "lodash": {
      "version": "2.4.1"
    },
    "xml2js": {
      "version": "0.4.2",
      "dependencies": {
        "sax": {
          "version": "0.5.8"
        },
        "xmlbuilder": {
          "version": "2.2.1",
          "dependencies": {
            "lodash-node": {
              "version": "2.4.1"
            }
          }
        }
      }
    }
  }
}
